
Microsoft Visual Studio Solution File, Format Version 12.00
# Visual Studio Version 16
VisualStudioVersion = 16.0.28922.388
MinimumVisualStudioVersion = 10.0.40219.1
Project("{9A19103F-16F7-4668-BE54-9A1E7A4F7556}") = "NewsDump.Console", "NewsDump\NewsDump.Console.csproj", "{13B013E6-4081-48B6-8982-757A58C84A8F}"
EndProject
Project("{9A19103F-16F7-4668-BE54-9A1E7A4F7556}") = "NewsDump.Lib", "NewsDump.Lib\NewsDump.Lib.csproj", "{DE929CD6-40B3-4335-AEA5-AC3762A1FB6F}"
EndProject
Global
	GlobalSection(SolutionConfigurationPlatforms) = preSolution
		Debug|Any CPU = Debug|Any CPU
		Release|Any CPU = Release|Any CPU
	EndGlobalSection
	GlobalSection(ProjectConfigurationPlatforms) = postSolution
		{13B013E6-4081-48B6-8982-757A58C84A8F}.Debug|Any CPU.ActiveCfg = Debug|Any CPU
		{13B013E6-4081-48B6-8982-757A58C84A8F}.Debug|Any CPU.Build.0 = Debug|Any CPU
		{13B013E6-4081-48B6-8982-757A58C84A8F}.Release|Any CPU.ActiveCfg = Release|Any CPU
		{13B013E6-4081-48B6-8982-757A58C84A8F}.Release|Any CPU.Build.0 = Release|Any CPU
		{DE929CD6-40B3-4335-AEA5-AC3762A1FB6F}.Debug|Any CPU.ActiveCfg = Debug|Any CPU
		{DE929CD6-40B3-4335-AEA5-AC3762A1FB6F}.Debug|Any CPU.Build.0 = Debug|Any CPU
		{DE929CD6-40B3-4335-AEA5-AC3762A1FB6F}.Release|Any CPU.ActiveCfg = Release|Any CPU
		{DE929CD6-40B3-4335-AEA5-AC3762A1FB6F}.Release|Any CPU.Build.0 = Release|Any CPU
	EndGlobalSection
	GlobalSection(SolutionProperties) = preSolution
		HideSolutionNode = FALSE
	EndGlobalSection
	GlobalSection(ExtensibilityGlobals) = postSolution
		SolutionGuid = {681AFB03-AAD0-45A2-98C3-C667FD2DC408}
	EndGlobalSection
EndGlobal
